
Microsoft Visual Studio Solution File, Format Version 12.00
# Visual Studio 15
VisualStudioVersion = 15.0.27428.2005
MinimumVisualStudioVersion = 10.0.40219.1
Project("{8BC9CEB8-8B4A-11D0-8D11-00A0C91BC942}") = "Sort Algorithm Complexity Benchmark", "Sort Algorithm Complexity Benchmark\Sort Algorithm Complexity Benchmark.vcxproj", "{F37141B8-B6A4-4B98-B7C0-595CCE36AD81}"
EndProject
Global
	GlobalSection(SolutionConfigurationPlatforms) = preSolution
		Debug|x64 = Debug|x64
		Debug|x86 = Debug|x86
		Release|x64 = Release|x64
		Release|x86 = Release|x86
	EndGlobalSection
	GlobalSection(ProjectConfigurationPlatforms) = postSolution
		{F37141B8-B6A4-4B98-B7C0-595CCE36AD81}.Debug|x64.ActiveCfg = Debug|x64
		{F37141B8-B6A4-4B98-B7C0-595CCE36AD81}.Debug|x64.Build.0 = Debug|x64
		{F37141B8-B6A4-4B98-B7C0-595CCE36AD81}.Debug|x86.ActiveCfg = Debug|Win32
		{F37141B8-B6A4-4B98-B7C0-595CCE36AD81}.Debug|x86.Build.0 = Debug|Win32
		{F37141B8-B6A4-4B98-B7C0-595CCE36AD81}.Release|x64.ActiveCfg = Release|x64
		{F37141B8-B6A4-4B98-B7C0-595CCE36AD81}.Release|x64.Build.0 = Release|x64
		{F37141B8-B6A4-4B98-B7C0-595CCE36AD81}.Release|x86.ActiveCfg = Release|Win32
		{F37141B8-B6A4-4B98-B7C0-595CCE36AD81}.Release|x86.Build.0 = Release|Win32
	EndGlobalSection
	GlobalSection(SolutionProperties) = preSolution
		HideSolutionNode = FALSE
	EndGlobalSection
	GlobalSection(ExtensibilityGlobals) = postSolution
		SolutionGuid = {F631C0AA-E21A-486D-A010-2E9B7BB57C1C}
	EndGlobalSection
EndGlobal
